
Microsoft Visual Studio Solution File, Format Version 12.00
# Visual Studio Version 16
VisualStudioVersion = 16.0.30804.86
MinimumVisualStudioVersion = 10.0.40219.1
Project("{F184B08F-C81C-45F6-A57F-5ABD9991F28F}") = "AddIn", "AddIn\AddIn.vbproj", "{F0B35DBE-5B03-45E1-B95E-A2A4C1D3BD66}"
EndProject
Project("{FAE04EC0-301F-11D3-BF4B-00C04F79EFBC}") = "DriverAddIn", "DriverAddIn\DriverAddIn.csproj", "{EE138CF0-D661-47CB-95EE-6A6ADA765757}"
EndProject
Project("{2150E333-8FDC-42A3-9474-1A3956D46DE8}") = "Solution Items", "Solution Items", "{6F87A4A5-584A-4F06-94E4-009A122DDDEE}"
	ProjectSection(SolutionItems) = preProject
		LICENSE.txt = LICENSE.txt
		ReadMe.md = ReadMe.md
	EndProjectSection
EndProject
Project("{930C7802-8A8C-48F9-8165-68863BCCD9DD}") = "DriverAddInInstaller", "DriverAddInInstaller\DriverAddInInstaller.wixproj", "{432264F7-EE9B-3F55-4CC6-5857118BFF75}"
EndProject
Global
	GlobalSection(SolutionConfigurationPlatforms) = preSolution
		Debug|Any CPU = Debug|Any CPU
		Debug|x64 = Debug|x64
		Debug|x86 = Debug|x86
		Release|Any CPU = Release|Any CPU
		Release|x64 = Release|x64
		Release|x86 = Release|x86
	EndGlobalSection
	GlobalSection(ProjectConfigurationPlatforms) = postSolution
		{F0B35DBE-5B03-45E1-B95E-A2A4C1D3BD66}.Debug|Any CPU.ActiveCfg = Debug|Any CPU
		{F0B35DBE-5B03-45E1-B95E-A2A4C1D3BD66}.Debug|Any CPU.Build.0 = Debug|Any CPU
		{F0B35DBE-5B03-45E1-B95E-A2A4C1D3BD66}.Debug|x64.ActiveCfg = Debug|x64
		{F0B35DBE-5B03-45E1-B95E-A2A4C1D3BD66}.Debug|x64.Build.0 = Debug|x64
		{F0B35DBE-5B03-45E1-B95E-A2A4C1D3BD66}.Debug|x86.ActiveCfg = Debug|Any CPU
		{F0B35DBE-5B03-45E1-B95E-A2A4C1D3BD66}.Debug|x86.Build.0 = Debug|Any CPU
		{F0B35DBE-5B03-45E1-B95E-A2A4C1D3BD66}.Release|Any CPU.ActiveCfg = Release|Any CPU
		{F0B35DBE-5B03-45E1-B95E-A2A4C1D3BD66}.Release|Any CPU.Build.0 = Release|Any CPU
		{F0B35DBE-5B03-45E1-B95E-A2A4C1D3BD66}.Release|x64.ActiveCfg = Release|x64
		{F0B35DBE-5B03-45E1-B95E-A2A4C1D3BD66}.Release|x64.Build.0 = Release|x64
		{F0B35DBE-5B03-45E1-B95E-A2A4C1D3BD66}.Release|x86.ActiveCfg = Release|Any CPU
		{F0B35DBE-5B03-45E1-B95E-A2A4C1D3BD66}.Release|x86.Build.0 = Release|Any CPU
		{EE138CF0-D661-47CB-95EE-6A6ADA765757}.Debug|Any CPU.ActiveCfg = Debug|Any CPU
		{EE138CF0-D661-47CB-95EE-6A6ADA765757}.Debug|Any CPU.Build.0 = Debug|Any CPU
		{EE138CF0-D661-47CB-95EE-6A6ADA765757}.Debug|x64.ActiveCfg = Debug|x64
		{EE138CF0-D661-47CB-95EE-6A6ADA765757}.Debug|x64.Build.0 = Debug|x64
		{EE138CF0-D661-47CB-95EE-6A6ADA765757}.Debug|x86.ActiveCfg = Debug|Any CPU
		{EE138CF0-D661-47CB-95EE-6A6ADA765757}.Debug|x86.Build.0 = Debug|Any CPU
		{EE138CF0-D661-47CB-95EE-6A6ADA765757}.Release|Any CPU.ActiveCfg = Release|Any CPU
		{EE138CF0-D661-47CB-95EE-6A6ADA765757}.Release|Any CPU.Build.0 = Release|Any CPU
		{EE138CF0-D661-47CB-95EE-6A6ADA765757}.Release|x64.ActiveCfg = Release|x64
		{EE138CF0-D661-47CB-95EE-6A6ADA765757}.Release|x64.Build.0 = Release|x64
		{EE138CF0-D661-47CB-95EE-6A6ADA765757}.Release|x86.ActiveCfg = Release|Any CPU
		{EE138CF0-D661-47CB-95EE-6A6ADA765757}.Release|x86.Build.0 = Release|Any CPU
		{432264F7-EE9B-3F55-4CC6-5857118BFF75}.Debug|Any CPU.ActiveCfg = Debug|x86
		{432264F7-EE9B-3F55-4CC6-5857118BFF75}.Debug|x64.ActiveCfg = Debug|x86
		{432264F7-EE9B-3F55-4CC6-5857118BFF75}.Debug|x64.Build.0 = Debug|x86
		{432264F7-EE9B-3F55-4CC6-5857118BFF75}.Debug|x86.ActiveCfg = Debug|x86
		{432264F7-EE9B-3F55-4CC6-5857118BFF75}.Debug|x86.Build.0 = Debug|x86
		{432264F7-EE9B-3F55-4CC6-5857118BFF75}.Release|Any CPU.ActiveCfg = Release|x86
		{432264F7-EE9B-3F55-4CC6-5857118BFF75}.Release|x64.ActiveCfg = Release|x86
		{432264F7-EE9B-3F55-4CC6-5857118BFF75}.Release|x64.Build.0 = Release|x86
		{432264F7-EE9B-3F55-4CC6-5857118BFF75}.Release|x86.ActiveCfg = Release|x86
		{432264F7-EE9B-3F55-4CC6-5857118BFF75}.Release|x86.Build.0 = Release|x86
	EndGlobalSection
	GlobalSection(SolutionProperties) = preSolution
		HideSolutionNode = FALSE
	EndGlobalSection
	GlobalSection(ExtensibilityGlobals) = postSolution
		SolutionGuid = {6D912D51-E3AC-4FC9-AD49-27B6023FE9A8}
	EndGlobalSection
EndGlobal
